// !$*UTF8*$!
{
	archiveVersion = 1;
	classes = {
	};
	objectVersion = 46;
	objects = {

/* Begin PBXBuildFile section */
		319639CE18B4F94C00C82255 /* Foundation.framework in Frameworks */ = {isa = PBXBuildFile; fileRef = 319639CD18B4F94C00C82255 /* Foundation.framework */; };
		319639D018B4F94C00C82255 /* CoreGraphics.framework in Frameworks */ = {isa = PBXBuildFile; fileRef = 319639CF18B4F94C00C82255 /* CoreGraphics.framework */; };
		319639D218B4F94C00C82255 /* UIKit.framework in Frameworks */ = {isa = PBXBuildFile; fileRef = 319639D118B4F94C00C82255 /* UIKit.framework */; };
		319639D418B4F94C00C82255 /* CoreData.framework in Frameworks */ = {isa = PBXBuildFile; fileRef = 319639D318B4F94C00C82255 /* CoreData.framework */; };
		319639DA18B4F94C00C82255 /* InfoPlist.strings in Resources */ = {isa = PBXBuildFile; fileRef = 319639D818B4F94C00C82255 /* InfoPlist.strings */; };
		319639DC18B4F94C00C82255 /* main.m in Sources */ = {isa = PBXBuildFile; fileRef = 319639DB18B4F94C00C82255 /* main.m */; };
		319639E018B4F94C00C82255 /* LAGAppDelegate.m in Sources */ = {isa = PBXBuildFile; fileRef = 319639DF18B4F94C00C82255 /* LAGAppDelegate.m */; };
		319639E318B4F94C00C82255 /* La_Gourmande.xcdatamodeld in Sources */ = {isa = PBXBuildFile; fileRef = 319639E118B4F94C00C82255 /* La_Gourmande.xcdatamodeld */; };
		319639E518B4F94C00C82255 /* Images.xcassets in Resources */ = {isa = PBXBuildFile; fileRef = 319639E418B4F94C00C82255 /* Images.xcassets */; };
		319639EC18B4F94C00C82255 /* XCTest.framework in Frameworks */ = {isa = PBXBuildFile; fileRef = 319639EB18B4F94C00C82255 /* XCTest.framework */; };
		319639ED18B4F94C00C82255 /* Foundation.framework in Frameworks */ = {isa = PBXBuildFile; fileRef = 319639CD18B4F94C00C82255 /* Foundation.framework */; };
		319639EE18B4F94C00C82255 /* UIKit.framework in Frameworks */ = {isa = PBXBuildFile; fileRef = 319639D118B4F94C00C82255 /* UIKit.framework */; };
		319639EF18B4F94C00C82255 /* CoreData.framework in Frameworks */ = {isa = PBXBuildFile; fileRef = 319639D318B4F94C00C82255 /* CoreData.framework */; };
		319639F718B4F94C00C82255 /* InfoPlist.strings in Resources */ = {isa = PBXBuildFile; fileRef = 319639F518B4F94C00C82255 /* InfoPlist.strings */; };
		319639F918B4F94C00C82255 /* La_GourmandeTests.m in Sources */ = {isa = PBXBuildFile; fileRef = 319639F818B4F94C00C82255 /* La_GourmandeTests.m */; };
		31963A1418B5011C00C82255 /* Usuario.m in Sources */ = {isa = PBXBuildFile; fileRef = 31963A1318B5011C00C82255 /* Usuario.m */; };
		31963A1718B501B900C82255 /* Receta.m in Sources */ = {isa = PBXBuildFile; fileRef = 31963A1618B501B900C82255 /* Receta.m */; };
		31963A1A18B501C700C82255 /* Ingrediente.m in Sources */ = {isa = PBXBuildFile; fileRef = 31963A1918B501C700C82255 /* Ingrediente.m */; };
		31963A1D18B501D500C82255 /* Shopping_list.m in Sources */ = {isa = PBXBuildFile; fileRef = 31963A1C18B501D500C82255 /* Shopping_list.m */; };
		31963A2018B501E200C82255 /* Comment.m in Sources */ = {isa = PBXBuildFile; fileRef = 31963A1F18B501E200C82255 /* Comment.m */; };
		31963A2218B5054C00C82255 /* MainStoryboard.storyboard in Resources */ = {isa = PBXBuildFile; fileRef = 31963A2118B5054C00C82255 /* MainStoryboard.storyboard */; };
/* End PBXBuildFile section */

/* Begin PBXContainerItemProxy section */
		319639F018B4F94C00C82255 /* PBXContainerItemProxy */ = {
			isa = PBXContainerItemProxy;
			containerPortal = 319639C218B4F94C00C82255 /* Project object */;
			proxyType = 1;
			remoteGlobalIDString = 319639C918B4F94C00C82255;
			remoteInfo = "La Gourmande";
		};
/* End PBXContainerItemProxy section */

/* Begin PBXFileReference section */
		319639CA18B4F94C00C82255 /* La Gourmande.app */ = {isa = PBXFileReference; explicitFileType = wrapper.application; includeInIndex = 0; path = "La Gourmande.app"; sourceTree = BUILT_PRODUCTS_DIR; };
		319639CD18B4F94C00C82255 /* Foundation.framework */ = {isa = PBXFileReference; lastKnownFileType = wrapper.framework; name = Foundation.framework; path = System/Library/Frameworks/Foundation.framework; sourceTree = SDKROOT; };
		319639CF18B4F94C00C82255 /* CoreGraphics.framework */ = {isa = PBXFileReference; lastKnownFileType = wrapper.framework; name = CoreGraphics.framework; path = System/Library/Frameworks/CoreGraphics.framework; sourceTree = SDKROOT; };
		319639D118B4F94C00C82255 /* UIKit.framework */ = {isa = PBXFileReference; lastKnownFileType = wrapper.framework; name = UIKit.framework; path = System/Library/Frameworks/UIKit.framework; sourceTree = SDKROOT; };
		319639D318B4F94C00C82255 /* CoreData.framework */ = {isa = PBXFileReference; lastKnownFileType = wrapper.framework; name = CoreData.framework; path = System/Library/Frameworks/CoreData.framework; sourceTree = SDKROOT; };
		319639D718B4F94C00C82255 /* La Gourmande-Info.plist */ = {isa = PBXFileReference; lastKnownFileType = text.plist.xml; path = "La Gourmande-Info.plist"; sourceTree = "<group>"; };
		319639D918B4F94C00C82255 /* en */ = {isa = PBXFileReference; lastKnownFileType = text.plist.strings; name = en; path = en.lproj/InfoPlist.strings; sourceTree = "<group>"; };
		319639DB18B4F94C00C82255 /* main.m */ = {isa = PBXFileReference; lastKnownFileType = sourcecode.c.objc; path = main.m; sourceTree = "<group>"; };
		319639DD18B4F94C00C82255 /* La Gourmande-Prefix.pch */ = {isa = PBXFileReference; lastKnownFileType = sourcecode.c.h; path = "La Gourmande-Prefix.pch"; sourceTree = "<group>"; };
		319639DE18B4F94C00C82255 /* LAGAppDelegate.h */ = {isa = PBXFileReference; lastKnownFileType = sourcecode.c.h; path = LAGAppDelegate.h; sourceTree = "<group>"; };
		319639DF18B4F94C00C82255 /* LAGAppDelegate.m */ = {isa = PBXFileReference; lastKnownFileType = sourcecode.c.objc; path = LAGAppDelegate.m; sourceTree = "<group>"; };
		319639E218B4F94C00C82255 /* La_Gourmande.xcdatamodel */ = {isa = PBXFileReference; lastKnownFileType = wrapper.xcdatamodel; path = La_Gourmande.xcdatamodel; sourceTree = "<group>"; };
		319639E418B4F94C00C82255 /* Images.xcassets */ = {isa = PBXFileReference; lastKnownFileType = folder.assetcatalog; path = Images.xcassets; sourceTree = "<group>"; };
		319639EA18B4F94C00C82255 /* La GourmandeTests.xctest */ = {isa = PBXFileReference; explicitFileType = wrapper.cfbundle; includeInIndex = 0; path = "La GourmandeTests.xctest"; sourceTree = BUILT_PRODUCTS_DIR; };
		319639EB18B4F94C00C82255 /* XCTest.framework */ = {isa = PBXFileReference; lastKnownFileType = wrapper.framework; name = XCTest.framework; path = Library/Frameworks/XCTest.framework; sourceTree = DEVELOPER_DIR; };
		319639F418B4F94C00C82255 /* La GourmandeTests-Info.plist */ = {isa = PBXFileReference; lastKnownFileType = text.plist.xml; path = "La GourmandeTests-Info.plist"; sourceTree = "<group>"; };
		319639F618B4F94C00C82255 /* en */ = {isa = PBXFileReference; lastKnownFileType = text.plist.strings; name = en; path = en.lproj/InfoPlist.strings; sourceTree = "<group>"; };
		319639F818B4F94C00C82255 /* La_GourmandeTests.m */ = {isa = PBXFileReference; lastKnownFileType = sourcecode.c.objc; path = La_GourmandeTests.m; sourceTree = "<group>"; };
		31963A1218B5011C00C82255 /* Usuario.h */ = {isa = PBXFileReference; fileEncoding = 4; lastKnownFileType = sourcecode.c.h; path = Usuario.h; sourceTree = "<group>"; };
		31963A1318B5011C00C82255 /* Usuario.m */ = {isa = PBXFileReference; fileEncoding = 4; lastKnownFileType = sourcecode.c.objc; path = Usuario.m; sourceTree = "<group>"; };
		31963A1518B501B900C82255 /* Receta.h */ = {isa = PBXFileReference; fileEncoding = 4; lastKnownFileType = sourcecode.c.h; path = Receta.h; sourceTree = "<group>"; };
		31963A1618B501B900C82255 /* Receta.m */ = {isa = PBXFileReference; fileEncoding = 4; lastKnownFileType = sourcecode.c.objc; path = Receta.m; sourceTree = "<group>"; };
		31963A1818B501C700C82255 /* Ingrediente.h */ = {isa = PBXFileReference; fileEncoding = 4; lastKnownFileType = sourcecode.c.h; path = Ingrediente.h; sourceTree = "<group>"; };
		31963A1918B501C700C82255 /* Ingrediente.m */ = {isa = PBXFileReference; fileEncoding = 4; lastKnownFileType = sourcecode.c.objc; path = Ingrediente.m; sourceTree = "<group>"; };
		31963A1B18B501D500C82255 /* Shopping_list.h */ = {isa = PBXFileReference; fileEncoding = 4; lastKnownFileType = sourcecode.c.h; path = Shopping_list.h; sourceTree = "<group>"; };
		31963A1C18B501D500C82255 /* Shopping_list.m */ = {isa = PBXFileReference; fileEncoding = 4; lastKnownFileType = sourcecode.c.objc; path = Shopping_list.m; sourceTree = "<group>"; };
		31963A1E18B501E200C82255 /* Comment.h */ = {isa = PBXFileReference; fileEncoding = 4; lastKnownFileType = sourcecode.c.h; path = Comment.h; sourceTree = "<group>"; };
		31963A1F18B501E200C82255 /* Comment.m */ = {isa = PBXFileReference; fileEncoding = 4; lastKnownFileType = sourcecode.c.objc; path = Comment.m; sourceTree = "<group>"; };
		31963A2118B5054C00C82255 /* MainStoryboard.storyboard */ = {isa = PBXFileReference; fileEncoding = 4; lastKnownFileType = file.storyboard; path = MainStoryboard.storyboard; sourceTree = "<group>"; };
/* End PBXFileReference section */

/* Begin PBXFrameworksBuildPhase section */
		319639C718B4F94C00C82255 /* Frameworks */ = {
			isa = PBXFrameworksBuildPhase;
			buildActionMask = 2147483647;
			files = (
				319639D018B4F94C00C82255 /* CoreGraphics.framework in Frameworks */,
				319639D418B4F94C00C82255 /* CoreData.framework in Frameworks */,
				319639D218B4F94C00C82255 /* UIKit.framework in Frameworks */,
				319639CE18B4F94C00C82255 /* Foundation.framework in Frameworks */,
			);
			runOnlyForDeploymentPostprocessing = 0;
		};
		319639E718B4F94C00C82255 /* Frameworks */ = {
			isa = PBXFrameworksBuildPhase;
			buildActionMask = 2147483647;
			files = (
				319639EC18B4F94C00C82255 /* XCTest.framework in Frameworks */,
				319639EF18B4F94C00C82255 /* CoreData.framework in Frameworks */,
				319639EE18B4F94C00C82255 /* UIKit.framework in Frameworks */,
				319639ED18B4F94C00C82255 /* Foundation.framework in Frameworks */,
			);
			runOnlyForDeploymentPostprocessing = 0;
		};
/* End PBXFrameworksBuildPhase section */

/* Begin PBXGroup section */
		319639C118B4F94C00C82255 = {
			isa = PBXGroup;
			children = (
				319639D518B4F94C00C82255 /* La Gourmande */,
				319639F218B4F94C00C82255 /* La GourmandeTests */,
				319639CC18B4F94C00C82255 /* Frameworks */,
				319639CB18B4F94C00C82255 /* Products */,
			);
			sourceTree = "<group>";
		};
		319639CB18B4F94C00C82255 /* Products */ = {
			isa = PBXGroup;
			children = (
				319639CA18B4F94C00C82255 /* La Gourmande.app */,
				319639EA18B4F94C00C82255 /* La GourmandeTests.xctest */,
			);
			name = Products;
			sourceTree = "<group>";
		};
		319639CC18B4F94C00C82255 /* Frameworks */ = {
			isa = PBXGroup;
			children = (
				319639CD18B4F94C00C82255 /* Foundation.framework */,
				319639CF18B4F94C00C82255 /* CoreGraphics.framework */,
				319639D118B4F94C00C82255 /* UIKit.framework */,
				319639D318B4F94C00C82255 /* CoreData.framework */,
				319639EB18B4F94C00C82255 /* XCTest.framework */,
			);
			name = Frameworks;
			sourceTree = "<group>";
		};
		319639D518B4F94C00C82255 /* La Gourmande */ = {
			isa = PBXGroup;
			children = (
				319639DE18B4F94C00C82255 /* LAGAppDelegate.h */,
				319639DF18B4F94C00C82255 /* LAGAppDelegate.m */,
				319639E418B4F94C00C82255 /* Images.xcassets */,
				319639E118B4F94C00C82255 /* La_Gourmande.xcdatamodeld */,
				319639D618B4F94C00C82255 /* Supporting Files */,
				31963A1218B5011C00C82255 /* Usuario.h */,
				31963A1318B5011C00C82255 /* Usuario.m */,
				31963A1518B501B900C82255 /* Receta.h */,
				31963A1618B501B900C82255 /* Receta.m */,
				31963A1818B501C700C82255 /* Ingrediente.h */,
				31963A1918B501C700C82255 /* Ingrediente.m */,
				31963A1B18B501D500C82255 /* Shopping_list.h */,
				31963A1C18B501D500C82255 /* Shopping_list.m */,
				31963A1E18B501E200C82255 /* Comment.h */,
				31963A1F18B501E200C82255 /* Comment.m */,
				31963A2118B5054C00C82255 /* MainStoryboard.storyboard */,
			);
			path = "La Gourmande";
			sourceTree = "<group>";
		};
		319639D618B4F94C00C82255 /* Supporting Files */ = {
			isa = PBXGroup;
			children = (
				319639D718B4F94C00C82255 /* La Gourmande-Info.plist */,
				319639D818B4F94C00C82255 /* InfoPlist.strings */,
				319639DB18B4F94C00C82255 /* main.m */,
				319639DD18B4F94C00C82255 /* La Gourmande-Prefix.pch */,
			);
			name = "Supporting Files";
			sourceTree = "<group>";
		};
		319639F218B4F94C00C82255 /* La GourmandeTests */ = {
			isa = PBXGroup;
			children = (
				319639F818B4F94C00C82255 /* La_GourmandeTests.m */,
				319639F318B4F94C00C82255 /* Supporting Files */,
			);
			path = "La GourmandeTests";
			sourceTree = "<group>";
		};
		319639F318B4F94C00C82255 /* Supporting Files */ = {
			isa = PBXGroup;
			children = (
				319639F418B4F94C00C82255 /* La GourmandeTests-Info.plist */,
				319639F518B4F94C00C82255 /* InfoPlist.strings */,
			);
			name = "Supporting Files";
			sourceTree = "<group>";
		};
/* End PBXGroup section */

/* Begin PBXNativeTarget section */
		319639C918B4F94C00C82255 /* La Gourmande */ = {
			isa = PBXNativeTarget;
			buildConfigurationList = 319639FC18B4F94C00C82255 /* Build configuration list for PBXNativeTarget "La Gourmande" */;
			buildPhases = (
				319639C618B4F94C00C82255 /* Sources */,
				319639C718B4F94C00C82255 /* Frameworks */,
				319639C818B4F94C00C82255 /* Resources */,
			);
			buildRules = (
			);
			dependencies = (
			);
			name = "La Gourmande";
			productName = "La Gourmande";
			productReference = 319639CA18B4F94C00C82255 /* La Gourmande.app */;
			productType = "com.apple.product-type.application";
		};
		319639E918B4F94C00C82255 /* La GourmandeTests */ = {
			isa = PBXNativeTarget;
			buildConfigurationList = 319639FF18B4F94C00C82255 /* Build configuration list for PBXNativeTarget "La GourmandeTests" */;
			buildPhases = (
				319639E618B4F94C00C82255 /* Sources */,
				319639E718B4F94C00C82255 /* Frameworks */,
				319639E818B4F94C00C82255 /* Resources */,
			);
			buildRules = (
			);
			dependencies = (
				319639F118B4F94C00C82255 /* PBXTargetDependency */,
			);
			name = "La GourmandeTests";
			productName = "La GourmandeTests";
			productReference = 319639EA18B4F94C00C82255 /* La GourmandeTests.xctest */;
			productType = "com.apple.product-type.bundle.unit-test";
		};
/* End PBXNativeTarget section */

/* Begin PBXProject section */
		319639C218B4F94C00C82255 /* Project object */ = {
			isa = PBXProject;
			attributes = {
				CLASSPREFIX = LAG;
				LastUpgradeCheck = 0500;
				ORGANIZATIONNAME = "Lilliana Víquez Murillo";
				TargetAttributes = {
					319639E918B4F94C00C82255 = {
						TestTargetID = 319639C918B4F94C00C82255;
					};
				};
			};
			buildConfigurationList = 319639C518B4F94C00C82255 /* Build configuration list for PBXProject "La Gourmande" */;
			compatibilityVersion = "Xcode 3.2";
			developmentRegion = English;
			hasScannedForEncodings = 0;
			knownRegions = (
				en,
			);
			mainGroup = 319639C118B4F94C00C82255;
			productRefGroup = 319639CB18B4F94C00C82255 /* Products */;
			projectDirPath = "";
			projectRoot = "";
			targets = (
				319639C918B4F94C00C82255 /* La Gourmande */,
				319639E918B4F94C00C82255 /* La GourmandeTests */,
			);
		};
/* End PBXProject section */

/* Begin PBXResourcesBuildPhase section */
		319639C818B4F94C00C82255 /* Resources */ = {
			isa = PBXResourcesBuildPhase;
			buildActionMask = 2147483647;
			files = (
				31963A2218B5054C00C82255 /* MainStoryboard.storyboard in Resources */,
				319639DA18B4F94C00C82255 /* InfoPlist.strings in Resources */,
				319639E518B4F94C00C82255 /* Images.xcassets in Resources */,
			);
			runOnlyForDeploymentPostprocessing = 0;
		};
		319639E818B4F94C00C82255 /* Resources */ = {
			isa = PBXResourcesBuildPhase;
			buildActionMask = 2147483647;
			files = (
				319639F718B4F94C00C82255 /* InfoPlist.strings in Resources */,
			);
			runOnlyForDeploymentPostprocessing = 0;
		};
/* End PBXResourcesBuildPhase section */

/* Begin PBXSourcesBuildPhase section */
		319639C618B4F94C00C82255 /* Sources */ = {
			isa = PBXSourcesBuildPhase;
			buildActionMask = 2147483647;
			files = (
				31963A1D18B501D500C82255 /* Shopping_list.m in Sources */,
				319639DC18B4F94C00C82255 /* main.m in Sources */,
				31963A1718B501B900C82255 /* Receta.m in Sources */,
				31963A1418B5011C00C82255 /* Usuario.m in Sources */,
				31963A2018B501E200C82255 /* Comment.m in Sources */,
				31963A1A18B501C700C82255 /* Ingrediente.m in Sources */,
				319639E318B4F94C00C82255 /* La_Gourmande.xcdatamodeld in Sources */,
				319639E018B4F94C00C82255 /* LAGAppDelegate.m in Sources */,
			);
			runOnlyForDeploymentPostprocessing = 0;
		};
		319639E618B4F94C00C82255 /* Sources */ = {
			isa = PBXSourcesBuildPhase;
			buildActionMask = 2147483647;
			files = (
				319639F918B4F94C00C82255 /* La_GourmandeTests.m in Sources */,
			);
			runOnlyForDeploymentPostprocessing = 0;
		};
/* End PBXSourcesBuildPhase section */

/* Begin PBXTargetDependency section */
		319639F118B4F94C00C82255 /* PBXTargetDependency */ = {
			isa = PBXTargetDependency;
			target = 319639C918B4F94C00C82255 /* La Gourmande */;
			targetProxy = 319639F018B4F94C00C82255 /* PBXContainerItemProxy */;
		};
/* End PBXTargetDependency section */

/* Begin PBXVariantGroup section */
		319639D818B4F94C00C82255 /* InfoPlist.strings */ = {
			isa = PBXVariantGroup;
			children = (
				319639D918B4F94C00C82255 /* en */,
			);
			name = InfoPlist.strings;
			sourceTree = "<group>";
		};
		319639F518B4F94C00C82255 /* InfoPlist.strings */ = {
			isa = PBXVariantGroup;
			children = (
				319639F618B4F94C00C82255 /* en */,
			);
			name = InfoPlist.strings;
			sourceTree = "<group>";
		};
/* End PBXVariantGroup section */

/* Begin XCBuildConfiguration section */
		319639FA18B4F94C00C82255 /* Debug */ = {
			isa = XCBuildConfiguration;
			buildSettings = {
				ALWAYS_SEARCH_USER_PATHS = NO;
				ARCHS = "$(ARCHS_STANDARD_INCLUDING_64_BIT)";
				CLANG_CXX_LANGUAGE_STANDARD = "gnu++0x";
				CLANG_CXX_LIBRARY = "libc++";
				CLANG_ENABLE_MODULES = YES;
				CLANG_ENABLE_OBJC_ARC = YES;
				CLANG_WARN_BOOL_CONVERSION = YES;
				CLANG_WARN_CONSTANT_CONVERSION = YES;
				CLANG_WARN_DIRECT_OBJC_ISA_USAGE = YES_ERROR;
				CLANG_WARN_EMPTY_BODY = YES;
				CLANG_WARN_ENUM_CONVERSION = YES;
				CLANG_WARN_INT_CONVERSION = YES;
				CLANG_WARN_OBJC_ROOT_CLASS = YES_ERROR;
				CLANG_WARN__DUPLICATE_METHOD_MATCH = YES;
				"CODE_SIGN_IDENTITY[sdk=iphoneos*]" = "iPhone Developer";
				COPY_PHASE_STRIP = NO;
				GCC_C_LANGUAGE_STANDARD = gnu99;
				GCC_DYNAMIC_NO_PIC = NO;
				GCC_OPTIMIZATION_LEVEL = 0;
				GCC_PREPROCESSOR_DEFINITIONS = (
					"DEBUG=1",
					"$(inherited)",
				);
				GCC_SYMBOLS_PRIVATE_EXTERN = NO;
				GCC_WARN_64_TO_32_BIT_CONVERSION = YES;
				GCC_WARN_ABOUT_RETURN_TYPE = YES_ERROR;
				GCC_WARN_UNDECLARED_SELECTOR = YES;
				GCC_WARN_UNINITIALIZED_AUTOS = YES;
				GCC_WARN_UNUSED_FUNCTION = YES;
				GCC_WARN_UNUSED_VARIABLE = YES;
				IPHONEOS_DEPLOYMENT_TARGET = 7.0;
				ONLY_ACTIVE_ARCH = YES;
				SDKROOT = iphoneos;
			};
			name = Debug;
		};
		319639FB18B4F94C00C82255 /* Release */ = {
			isa = XCBuildConfiguration;
			buildSettings = {
				ALWAYS_SEARCH_USER_PATHS = NO;
				ARCHS = "$(ARCHS_STANDARD_INCLUDING_64_BIT)";
				CLANG_CXX_LANGUAGE_STANDARD = "gnu++0x";
				CLANG_CXX_LIBRARY = "libc++";
				CLANG_ENABLE_MODULES = YES;
				CLANG_ENABLE_OBJC_ARC = YES;
				CLANG_WARN_BOOL_CONVERSION = YES;
				CLANG_WARN_CONSTANT_CONVERSION = YES;
				CLANG_WARN_DIRECT_OBJC_ISA_USAGE = YES_ERROR;
				CLANG_WARN_EMPTY_BODY = YES;
				CLANG_WARN_ENUM_CONVERSION = YES;
				CLANG_WARN_INT_CONVERSION = YES;
				CLANG_WARN_OBJC_ROOT_CLASS = YES_ERROR;
				CLANG_WARN__DUPLICATE_METHOD_MATCH = YES;
				"CODE_SIGN_IDENTITY[sdk=iphoneos*]" = "iPhone Developer";
				COPY_PHASE_STRIP = YES;
				ENABLE_NS_ASSERTIONS = NO;
				GCC_C_LANGUAGE_STANDARD = gnu99;
				GCC_WARN_64_TO_32_BIT_CONVERSION = YES;
				GCC_WARN_ABOUT_RETURN_TYPE = YES_ERROR;
				GCC_WARN_UNDECLARED_SELECTOR = YES;
				GCC_WARN_UNINITIALIZED_AUTOS = YES;
				GCC_WARN_UNUSED_FUNCTION = YES;
				GCC_WARN_UNUSED_VARIABLE = YES;
				IPHONEOS_DEPLOYMENT_TARGET = 7.0;
				SDKROOT = iphoneos;
				VALIDATE_PRODUCT = YES;
			};
			name = Release;
		};
		319639FD18B4F94C00C82255 /* Debug */ = {
			isa = XCBuildConfiguration;
			buildSettings = {
				ASSETCATALOG_COMPILER_APPICON_NAME = AppIcon;
				ASSETCATALOG_COMPILER_LAUNCHIMAGE_NAME = LaunchImage;
				GCC_PRECOMPILE_PREFIX_HEADER = YES;
				GCC_PREFIX_HEADER = "La Gourmande/La Gourmande-Prefix.pch";
				INFOPLIST_FILE = "La Gourmande/La Gourmande-Info.plist";
				PRODUCT_NAME = "$(TARGET_NAME)";
				WRAPPER_EXTENSION = app;
			};
			name = Debug;
		};
		319639FE18B4F94C00C82255 /* Release */ = {
			isa = XCBuildConfiguration;
			buildSettings = {
				ASSETCATALOG_COMPILER_APPICON_NAME = AppIcon;
				ASSETCATALOG_COMPILER_LAUNCHIMAGE_NAME = LaunchImage;
				GCC_PRECOMPILE_PREFIX_HEADER = YES;
				GCC_PREFIX_HEADER = "La Gourmande/La Gourmande-Prefix.pch";
				INFOPLIST_FILE = "La Gourmande/La Gourmande-Info.plist";
				PRODUCT_NAME = "$(TARGET_NAME)";
				WRAPPER_EXTENSION = app;
			};
			name = Release;
		};
		31963A0018B4F94C00C82255 /* Debug */ = {
			isa = XCBuildConfiguration;
			buildSettings = {
				ARCHS = "$(ARCHS_STANDARD_INCLUDING_64_BIT)";
				BUNDLE_LOADER = "$(BUILT_PRODUCTS_DIR)/La Gourmande.app/La Gourmande";
				FRAMEWORK_SEARCH_PATHS = (
					"$(SDKROOT)/Developer/Library/Frameworks",
					"$(inherited)",
					"$(DEVELOPER_FRAMEWORKS_DIR)",
				);
				GCC_PRECOMPILE_PREFIX_HEADER = YES;
				GCC_PREFIX_HEADER = "La Gourmande/La Gourmande-Prefix.pch";
				GCC_PREPROCESSOR_DEFINITIONS = (
					"DEBUG=1",
					"$(inherited)",
				);
				INFOPLIST_FILE = "La GourmandeTests/La GourmandeTests-Info.plist";
				PRODUCT_NAME = "$(TARGET_NAME)";
				TEST_HOST = "$(BUNDLE_LOADER)";
				WRAPPER_EXTENSION = xctest;
			};
			name = Debug;
		};
		31963A0118B4F94C00C82255 /* Release */ = {
			isa = XCBuildConfiguration;
			buildSettings = {
				ARCHS = "$(ARCHS_STANDARD_INCLUDING_64_BIT)";
				BUNDLE_LOADER = "$(BUILT_PRODUCTS_DIR)/La Gourmande.app/La Gourmande";
				FRAMEWORK_SEARCH_PATHS = (
					"$(SDKROOT)/Developer/Library/Frameworks",
					"$(inherited)",
					"$(DEVELOPER_FRAMEWORKS_DIR)",
				);
				GCC_PRECOMPILE_PREFIX_HEADER = YES;
				GCC_PREFIX_HEADER = "La Gourmande/La Gourmande-Prefix.pch";
				INFOPLIST_FILE = "La GourmandeTests/La GourmandeTests-Info.plist";
				PRODUCT_NAME = "$(TARGET_NAME)";
				TEST_HOST = "$(BUNDLE_LOADER)";
				WRAPPER_EXTENSION = xctest;
			};
			name = Release;
		};
/* End XCBuildConfiguration section */

/* Begin XCConfigurationList section */
		319639C518B4F94C00C82255 /* Build configuration list for PBXProject "La Gourmande" */ = {
			isa = XCConfigurationList;
			buildConfigurations = (
				319639FA18B4F94C00C82255 /* Debug */,
				319639FB18B4F94C00C82255 /* Release */,
			);
			defaultConfigurationIsVisible = 0;
			defaultConfigurationName = Release;
		};
		319639FC18B4F94C00C82255 /* Build configuration list for PBXNativeTarget "La Gourmande" */ = {
			isa = XCConfigurationList;
			buildConfigurations = (
				319639FD18B4F94C00C82255 /* Debug */,
				319639FE18B4F94C00C82255 /* Release */,
			);
			defaultConfigurationIsVisible = 0;
			defaultConfigurationName = Release;
		};
		319639FF18B4F94C00C82255 /* Build configuration list for PBXNativeTarget "La GourmandeTests" */ = {
			isa = XCConfigurationList;
			buildConfigurations = (
				31963A0018B4F94C00C82255 /* Debug */,
				31963A0118B4F94C00C82255 /* Release */,
			);
			defaultConfigurationIsVisible = 0;
			defaultConfigurationName = Release;
		};
/* End XCConfigurationList section */

/* Begin XCVersionGroup section */
		319639E118B4F94C00C82255 /* La_Gourmande.xcdatamodeld */ = {
			isa = XCVersionGroup;
			children = (
				319639E218B4F94C00C82255 /* La_Gourmande.xcdatamodel */,
			);
			currentVersion = 319639E218B4F94C00C82255 /* La_Gourmande.xcdatamodel */;
			path = La_Gourmande.xcdatamodeld;
			sourceTree = "<group>";
			versionGroupType = wrapper.xcdatamodel;
		};
/* End XCVersionGroup section */
	};
	rootObject = 319639C218B4F94C00C82255 /* Project object */;
}
